
Microsoft Visual Studio Solution File, Format Version 12.00
# Visual Studio Version 17
VisualStudioVersion = 17.2.32526.322
MinimumVisualStudioVersion = 10.0.40219.1
Project("{FAE04EC0-301F-11D3-BF4B-00C04F79EFBC}") = "Photogrammetry", "Photogrammetry\Photogrammetry.csproj", "{18B873BC-90CD-42C4-9C14-00E28E587967}"
EndProject
Project("{FAE04EC0-301F-11D3-BF4B-00C04F79EFBC}") = "Engine", "Engine\Engine.csproj", "{A2654560-6A13-460C-B60D-741FBD380A90}"
EndProject
Global
	GlobalSection(SolutionConfigurationPlatforms) = preSolution
		Debug|Any CPU = Debug|Any CPU
		Release|Any CPU = Release|Any CPU
	EndGlobalSection
	GlobalSection(ProjectConfigurationPlatforms) = postSolution
		{18B873BC-90CD-42C4-9C14-00E28E587967}.Debug|Any CPU.ActiveCfg = Debug|Any CPU
		{18B873BC-90CD-42C4-9C14-00E28E587967}.Debug|Any CPU.Build.0 = Debug|Any CPU
		{18B873BC-90CD-42C4-9C14-00E28E587967}.Release|Any CPU.ActiveCfg = Release|Any CPU
		{18B873BC-90CD-42C4-9C14-00E28E587967}.Release|Any CPU.Build.0 = Release|Any CPU
		{A2654560-6A13-460C-B60D-741FBD380A90}.Debug|Any CPU.ActiveCfg = Debug|Any CPU
		{A2654560-6A13-460C-B60D-741FBD380A90}.Debug|Any CPU.Build.0 = Debug|Any CPU
		{A2654560-6A13-460C-B60D-741FBD380A90}.Release|Any CPU.ActiveCfg = Release|Any CPU
		{A2654560-6A13-460C-B60D-741FBD380A90}.Release|Any CPU.Build.0 = Release|Any CPU
	EndGlobalSection
	GlobalSection(SolutionProperties) = preSolution
		HideSolutionNode = FALSE
	EndGlobalSection
	GlobalSection(ExtensibilityGlobals) = postSolution
		SolutionGuid = {F33465C9-0BF8-4930-93E5-2D7C7A8C2218}
	EndGlobalSection
EndGlobal
